// !$*UTF8*$!
{
	archiveVersion = 1;
	classes = {
	};
	objectVersion = 56;
	objects = {

/* Begin PBXBuildFile section */
		5090C4D6B40EEF407A1C7E48 /* Pods_PokeApiTest.framework in Frameworks */ = {isa = PBXBuildFile; fileRef = D1115E4738466BD345FAD8AC /* Pods_PokeApiTest.framework */; };
		812A24CE2A5E58AE003B4BF7 /* CollectionViewCell.xib in Resources */ = {isa = PBXBuildFile; fileRef = 812A24CD2A5E58AE003B4BF7 /* CollectionViewCell.xib */; };
		812A24D62A5E6079003B4BF7 /* CollectionViewCell.swift in Sources */ = {isa = PBXBuildFile; fileRef = 812A24D52A5E6079003B4BF7 /* CollectionViewCell.swift */; };
		812A24D82A5E9193003B4BF7 /* DetailPokeViewController.swift in Sources */ = {isa = PBXBuildFile; fileRef = 812A24D72A5E9193003B4BF7 /* DetailPokeViewController.swift */; };
		81397CCE2A5FAFE800D0EAE1 /* UIView+Extension.swift in Sources */ = {isa = PBXBuildFile; fileRef = 81397CCD2A5FAFE800D0EAE1 /* UIView+Extension.swift */; };
		81824B732A612B6B0029C190 /* BasicInfoViewController.swift in Sources */ = {isa = PBXBuildFile; fileRef = 81824B722A612B6B0029C190 /* BasicInfoViewController.swift */; };
		81824B752A612B780029C190 /* MovesViewController.swift in Sources */ = {isa = PBXBuildFile; fileRef = 81824B742A612B780029C190 /* MovesViewController.swift */; };
		81824B772A613C320029C190 /* TableViewCell.xib in Resources */ = {isa = PBXBuildFile; fileRef = 81824B762A613C320029C190 /* TableViewCell.xib */; };
		81824B7B2A6142840029C190 /* TableViewCell.swift in Sources */ = {isa = PBXBuildFile; fileRef = 81824B7A2A6142840029C190 /* TableViewCell.swift */; };
		81824B7D2A614B3A0029C190 /* StatViewController.swift in Sources */ = {isa = PBXBuildFile; fileRef = 81824B7C2A614B3A0029C190 /* StatViewController.swift */; };
		81F7B6662A5E410000CD326A /* AppDelegate.swift in Sources */ = {isa = PBXBuildFile; fileRef = 81F7B6652A5E410000CD326A /* AppDelegate.swift */; };
		81F7B6682A5E410000CD326A /* SceneDelegate.swift in Sources */ = {isa = PBXBuildFile; fileRef = 81F7B6672A5E410000CD326A /* SceneDelegate.swift */; };
		81F7B66A2A5E410000CD326A /* ViewController.swift in Sources */ = {isa = PBXBuildFile; fileRef = 81F7B6692A5E410000CD326A /* ViewController.swift */; };
		81F7B66D2A5E410000CD326A /* Main.storyboard in Resources */ = {isa = PBXBuildFile; fileRef = 81F7B66B2A5E410000CD326A /* Main.storyboard */; };
		81F7B66F2A5E410200CD326A /* Assets.xcassets in Resources */ = {isa = PBXBuildFile; fileRef = 81F7B66E2A5E410200CD326A /* Assets.xcassets */; };
		81F7B6722A5E410200CD326A /* LaunchScreen.storyboard in Resources */ = {isa = PBXBuildFile; fileRef = 81F7B6702A5E410200CD326A /* LaunchScreen.storyboard */; };
		81F7B69D2A5E4C5800CD326A /* PokeModel.swift in Sources */ = {isa = PBXBuildFile; fileRef = 81F7B69C2A5E4C5800CD326A /* PokeModel.swift */; };
		81F7B69F2A5E523600CD326A /* Network.swift in Sources */ = {isa = PBXBuildFile; fileRef = 81F7B69E2A5E523600CD326A /* Network.swift */; };
/* End PBXBuildFile section */

/* Begin PBXFileReference section */
		3AD0491CFE74818F65458600 /* Pods-PokeApiTest.debug.xcconfig */ = {isa = PBXFileReference; includeInIndex = 1; lastKnownFileType = text.xcconfig; name = "Pods-PokeApiTest.debug.xcconfig"; path = "Target Support Files/Pods-PokeApiTest/Pods-PokeApiTest.debug.xcconfig"; sourceTree = "<group>"; };
		6AF5F7D4E6DABE41E134C35B /* Pods-PokeApiTest.release.xcconfig */ = {isa = PBXFileReference; includeInIndex = 1; lastKnownFileType = text.xcconfig; name = "Pods-PokeApiTest.release.xcconfig"; path = "Target Support Files/Pods-PokeApiTest/Pods-PokeApiTest.release.xcconfig"; sourceTree = "<group>"; };
		812A24CD2A5E58AE003B4BF7 /* CollectionViewCell.xib */ = {isa = PBXFileReference; lastKnownFileType = file.xib; path = CollectionViewCell.xib; sourceTree = "<group>"; };
		812A24D52A5E6079003B4BF7 /* CollectionViewCell.swift */ = {isa = PBXFileReference; lastKnownFileType = sourcecode.swift; path = CollectionViewCell.swift; sourceTree = "<group>"; };
		812A24D72A5E9193003B4BF7 /* DetailPokeViewController.swift */ = {isa = PBXFileReference; lastKnownFileType = sourcecode.swift; path = DetailPokeViewController.swift; sourceTree = "<group>"; };
		81397CCD2A5FAFE800D0EAE1 /* UIView+Extension.swift */ = {isa = PBXFileReference; lastKnownFileType = sourcecode.swift; path = "UIView+Extension.swift"; sourceTree = "<group>"; };
		81824B722A612B6B0029C190 /* BasicInfoViewController.swift */ = {isa = PBXFileReference; lastKnownFileType = sourcecode.swift; path = BasicInfoViewController.swift; sourceTree = "<group>"; };
		81824B742A612B780029C190 /* MovesViewController.swift */ = {isa = PBXFileReference; lastKnownFileType = sourcecode.swift; path = MovesViewController.swift; sourceTree = "<group>"; };
		81824B762A613C320029C190 /* TableViewCell.xib */ = {isa = PBXFileReference; lastKnownFileType = file.xib; path = TableViewCell.xib; sourceTree = "<group>"; };
		81824B7A2A6142840029C190 /* TableViewCell.swift */ = {isa = PBXFileReference; lastKnownFileType = sourcecode.swift; path = TableViewCell.swift; sourceTree = "<group>"; };
		81824B7C2A614B3A0029C190 /* StatViewController.swift */ = {isa = PBXFileReference; lastKnownFileType = sourcecode.swift; path = StatViewController.swift; sourceTree = "<group>"; };
		81F7B6622A5E410000CD326A /* PokeApiTest.app */ = {isa = PBXFileReference; explicitFileType = wrapper.application; includeInIndex = 0; path = PokeApiTest.app; sourceTree = BUILT_PRODUCTS_DIR; };
		81F7B6652A5E410000CD326A /* AppDelegate.swift */ = {isa = PBXFileReference; lastKnownFileType = sourcecode.swift; path = AppDelegate.swift; sourceTree = "<group>"; };
		81F7B6672A5E410000CD326A /* SceneDelegate.swift */ = {isa = PBXFileReference; lastKnownFileType = sourcecode.swift; path = SceneDelegate.swift; sourceTree = "<group>"; };
		81F7B6692A5E410000CD326A /* ViewController.swift */ = {isa = PBXFileReference; lastKnownFileType = sourcecode.swift; path = ViewController.swift; sourceTree = "<group>"; };
		81F7B66C2A5E410000CD326A /* Base */ = {isa = PBXFileReference; lastKnownFileType = file.storyboard; name = Base; path = Base.lproj/Main.storyboard; sourceTree = "<group>"; };
		81F7B66E2A5E410200CD326A /* Assets.xcassets */ = {isa = PBXFileReference; lastKnownFileType = folder.assetcatalog; path = Assets.xcassets; sourceTree = "<group>"; };
		81F7B6712A5E410200CD326A /* Base */ = {isa = PBXFileReference; lastKnownFileType = file.storyboard; name = Base; path = Base.lproj/LaunchScreen.storyboard; sourceTree = "<group>"; };
		81F7B6732A5E410200CD326A /* Info.plist */ = {isa = PBXFileReference; lastKnownFileType = text.plist.xml; path = Info.plist; sourceTree = "<group>"; };
		81F7B69C2A5E4C5800CD326A /* PokeModel.swift */ = {isa = PBXFileReference; lastKnownFileType = sourcecode.swift; path = PokeModel.swift; sourceTree = "<group>"; };
		81F7B69E2A5E523600CD326A /* Network.swift */ = {isa = PBXFileReference; lastKnownFileType = sourcecode.swift; path = Network.swift; sourceTree = "<group>"; };
		D1115E4738466BD345FAD8AC /* Pods_PokeApiTest.framework */ = {isa = PBXFileReference; explicitFileType = wrapper.framework; includeInIndex = 0; path = Pods_PokeApiTest.framework; sourceTree = BUILT_PRODUCTS_DIR; };
/* End PBXFileReference section */

/* Begin PBXFrameworksBuildPhase section */
		81F7B65F2A5E410000CD326A /* Frameworks */ = {
			isa = PBXFrameworksBuildPhase;
			buildActionMask = 2147483647;
			files = (
				5090C4D6B40EEF407A1C7E48 /* Pods_PokeApiTest.framework in Frameworks */,
			);
			runOnlyForDeploymentPostprocessing = 0;
		};
/* End PBXFrameworksBuildPhase section */

/* Begin PBXGroup section */
		81F7B6592A5E410000CD326A = {
			isa = PBXGroup;
			children = (
				81F7B6642A5E410000CD326A /* PokeApiTest */,
				81F7B6632A5E410000CD326A /* Products */,
				E32A81DB7C9BD95CE2CAAED6 /* Pods */,
				D0E585D053376C53A50B5FAE /* Frameworks */,
			);
			sourceTree = "<group>";
		};
		81F7B6632A5E410000CD326A /* Products */ = {
			isa = PBXGroup;
			children = (
				81F7B6622A5E410000CD326A /* PokeApiTest.app */,
			);
			name = Products;
			sourceTree = "<group>";
		};
		81F7B6642A5E410000CD326A /* PokeApiTest */ = {
			isa = PBXGroup;
			children = (
				81F7B6652A5E410000CD326A /* AppDelegate.swift */,
				81F7B6672A5E410000CD326A /* SceneDelegate.swift */,
				81F7B6692A5E410000CD326A /* ViewController.swift */,
				81F7B66B2A5E410000CD326A /* Main.storyboard */,
				81824B762A613C320029C190 /* TableViewCell.xib */,
				81824B7A2A6142840029C190 /* TableViewCell.swift */,
				812A24CD2A5E58AE003B4BF7 /* CollectionViewCell.xib */,
				81F7B66E2A5E410200CD326A /* Assets.xcassets */,
				81F7B6702A5E410200CD326A /* LaunchScreen.storyboard */,
				812A24D52A5E6079003B4BF7 /* CollectionViewCell.swift */,
				81F7B6732A5E410200CD326A /* Info.plist */,
				81F7B69C2A5E4C5800CD326A /* PokeModel.swift */,
				81F7B69E2A5E523600CD326A /* Network.swift */,
				812A24D72A5E9193003B4BF7 /* DetailPokeViewController.swift */,
				81397CCD2A5FAFE800D0EAE1 /* UIView+Extension.swift */,
				81824B7C2A614B3A0029C190 /* StatViewController.swift */,
				81824B722A612B6B0029C190 /* BasicInfoViewController.swift */,
				81824B742A612B780029C190 /* MovesViewController.swift */,
			);
			path = PokeApiTest;
			sourceTree = "<group>";
		};
		D0E585D053376C53A50B5FAE /* Frameworks */ = {
			isa = PBXGroup;
			children = (
				D1115E4738466BD345FAD8AC /* Pods_PokeApiTest.framework */,
			);
			name = Frameworks;
			sourceTree = "<group>";
		};
		E32A81DB7C9BD95CE2CAAED6 /* Pods */ = {
			isa = PBXGroup;
			children = (
				3AD0491CFE74818F65458600 /* Pods-PokeApiTest.debug.xcconfig */,
				6AF5F7D4E6DABE41E134C35B /* Pods-PokeApiTest.release.xcconfig */,
			);
			path = Pods;
			sourceTree = "<group>";
		};
/* End PBXGroup section */

/* Begin PBXNativeTarget section */
		81F7B6612A5E410000CD326A /* PokeApiTest */ = {
			isa = PBXNativeTarget;
			buildConfigurationList = 81F7B6762A5E410200CD326A /* Build configuration list for PBXNativeTarget "PokeApiTest" */;
			buildPhases = (
				FA55D7C0D34FF0A46FDC25C0 /* [CP] Check Pods Manifest.lock */,
				81F7B65E2A5E410000CD326A /* Sources */,
				81F7B65F2A5E410000CD326A /* Frameworks */,
				81F7B6602A5E410000CD326A /* Resources */,
				E4FC65103AA8CAC24A3FEF6A /* [CP] Embed Pods Frameworks */,
			);
			buildRules = (
			);
			dependencies = (
			);
			name = PokeApiTest;
			productName = PokeApiTest;
			productReference = 81F7B6622A5E410000CD326A /* PokeApiTest.app */;
			productType = "com.apple.product-type.application";
		};
/* End PBXNativeTarget section */

/* Begin PBXProject section */
		81F7B65A2A5E410000CD326A /* Project object */ = {
			isa = PBXProject;
			attributes = {
				BuildIndependentTargetsInParallel = 1;
				LastSwiftUpdateCheck = 1430;
				LastUpgradeCheck = 1430;
				TargetAttributes = {
					81F7B6612A5E410000CD326A = {
						CreatedOnToolsVersion = 14.3.1;
					};
				};
			};
			buildConfigurationList = 81F7B65D2A5E410000CD326A /* Build configuration list for PBXProject "PokeApiTest" */;
			compatibilityVersion = "Xcode 14.0";
			developmentRegion = en;
			hasScannedForEncodings = 0;
			knownRegions = (
				en,
				Base,
			);
			mainGroup = 81F7B6592A5E410000CD326A;
			productRefGroup = 81F7B6632A5E410000CD326A /* Products */;
			projectDirPath = "";
			projectRoot = "";
			targets = (
				81F7B6612A5E410000CD326A /* PokeApiTest */,
			);
		};
/* End PBXProject section */

/* Begin PBXResourcesBuildPhase section */
		81F7B6602A5E410000CD326A /* Resources */ = {
			isa = PBXResourcesBuildPhase;
			buildActionMask = 2147483647;
			files = (
				81F7B6722A5E410200CD326A /* LaunchScreen.storyboard in Resources */,
				81824B772A613C320029C190 /* TableViewCell.xib in Resources */,
				812A24CE2A5E58AE003B4BF7 /* CollectionViewCell.xib in Resources */,
				81F7B66F2A5E410200CD326A /* Assets.xcassets in Resources */,
				81F7B66D2A5E410000CD326A /* Main.storyboard in Resources */,
			);
			runOnlyForDeploymentPostprocessing = 0;
		};
/* End PBXResourcesBuildPhase section */

/* Begin PBXShellScriptBuildPhase section */
		E4FC65103AA8CAC24A3FEF6A /* [CP] Embed Pods Frameworks */ = {
			isa = PBXShellScriptBuildPhase;
			buildActionMask = 2147483647;
			files = (
			);
			inputFileListPaths = (
				"${PODS_ROOT}/Target Support Files/Pods-PokeApiTest/Pods-PokeApiTest-frameworks-${CONFIGURATION}-input-files.xcfilelist",
			);
			name = "[CP] Embed Pods Frameworks";
			outputFileListPaths = (
				"${PODS_ROOT}/Target Support Files/Pods-PokeApiTest/Pods-PokeApiTest-frameworks-${CONFIGURATION}-output-files.xcfilelist",
			);
			runOnlyForDeploymentPostprocessing = 0;
			shellPath = /bin/sh;
			shellScript = "\"${PODS_ROOT}/Target Support Files/Pods-PokeApiTest/Pods-PokeApiTest-frameworks.sh\"\n";
			showEnvVarsInLog = 0;
		};
		FA55D7C0D34FF0A46FDC25C0 /* [CP] Check Pods Manifest.lock */ = {
			isa = PBXShellScriptBuildPhase;
			buildActionMask = 2147483647;
			files = (
			);
			inputFileListPaths = (
			);
			inputPaths = (
				"${PODS_PODFILE_DIR_PATH}/Podfile.lock",
				"${PODS_ROOT}/Manifest.lock",
			);
			name = "[CP] Check Pods Manifest.lock";
			outputFileListPaths = (
			);
			outputPaths = (
				"$(DERIVED_FILE_DIR)/Pods-PokeApiTest-checkManifestLockResult.txt",
			);
			runOnlyForDeploymentPostprocessing = 0;
			shellPath = /bin/sh;
			shellScript = "diff \"${PODS_PODFILE_DIR_PATH}/Podfile.lock\" \"${PODS_ROOT}/Manifest.lock\" > /dev/null\nif [ $? != 0 ] ; then\n    # print error to STDERR\n    echo \"error: The sandbox is not in sync with the Podfile.lock. Run 'pod install' or update your CocoaPods installation.\" >&2\n    exit 1\nfi\n# This output is used by Xcode 'outputs' to avoid re-running this script phase.\necho \"SUCCESS\" > \"${SCRIPT_OUTPUT_FILE_0}\"\n";
			showEnvVarsInLog = 0;
		};
/* End PBXShellScriptBuildPhase section */

/* Begin PBXSourcesBuildPhase section */
		81F7B65E2A5E410000CD326A /* Sources */ = {
			isa = PBXSourcesBuildPhase;
			buildActionMask = 2147483647;
			files = (
				81F7B69F2A5E523600CD326A /* Network.swift in Sources */,
				81F7B66A2A5E410000CD326A /* ViewController.swift in Sources */,
				81397CCE2A5FAFE800D0EAE1 /* UIView+Extension.swift in Sources */,
				81824B752A612B780029C190 /* MovesViewController.swift in Sources */,
				81F7B6662A5E410000CD326A /* AppDelegate.swift in Sources */,
				812A24D62A5E6079003B4BF7 /* CollectionViewCell.swift in Sources */,
				81824B7B2A6142840029C190 /* TableViewCell.swift in Sources */,
				81F7B69D2A5E4C5800CD326A /* PokeModel.swift in Sources */,
				81F7B6682A5E410000CD326A /* SceneDelegate.swift in Sources */,
				81824B732A612B6B0029C190 /* BasicInfoViewController.swift in Sources */,
				81824B7D2A614B3A0029C190 /* StatViewController.swift in Sources */,
				812A24D82A5E9193003B4BF7 /* DetailPokeViewController.swift in Sources */,
			);
			runOnlyForDeploymentPostprocessing = 0;
		};
/* End PBXSourcesBuildPhase section */

/* Begin PBXVariantGroup section */
		81F7B66B2A5E410000CD326A /* Main.storyboard */ = {
			isa = PBXVariantGroup;
			children = (
				81F7B66C2A5E410000CD326A /* Base */,
			);
			name = Main.storyboard;
			sourceTree = "<group>";
		};
		81F7B6702A5E410200CD326A /* LaunchScreen.storyboard */ = {
			isa = PBXVariantGroup;
			children = (
				81F7B6712A5E410200CD326A /* Base */,
			);
			name = LaunchScreen.storyboard;
			sourceTree = "<group>";
		};
/* End PBXVariantGroup section */

/* Begin XCBuildConfiguration section */
		81F7B6742A5E410200CD326A /* Debug */ = {
			isa = XCBuildConfiguration;
			buildSettings = {
				ALWAYS_SEARCH_USER_PATHS = NO;
				CLANG_ANALYZER_NONNULL = YES;
				CLANG_ANALYZER_NUMBER_OBJECT_CONVERSION = YES_AGGRESSIVE;
				CLANG_CXX_LANGUAGE_STANDARD = "gnu++20";
				CLANG_ENABLE_MODULES = YES;
				CLANG_ENABLE_OBJC_ARC = YES;
				CLANG_ENABLE_OBJC_WEAK = YES;
				CLANG_WARN_BLOCK_CAPTURE_AUTORELEASING = YES;
				CLANG_WARN_BOOL_CONVERSION = YES;
				CLANG_WARN_COMMA = YES;
				CLANG_WARN_CONSTANT_CONVERSION = YES;
				CLANG_WARN_DEPRECATED_OBJC_IMPLEMENTATIONS = YES;
				CLANG_WARN_DIRECT_OBJC_ISA_USAGE = YES_ERROR;
				CLANG_WARN_DOCUMENTATION_COMMENTS = YES;
				CLANG_WARN_EMPTY_BODY = YES;
				CLANG_WARN_ENUM_CONVERSION = YES;
				CLANG_WARN_INFINITE_RECURSION = YES;
				CLANG_WARN_INT_CONVERSION = YES;
				CLANG_WARN_NON_LITERAL_NULL_CONVERSION = YES;
				CLANG_WARN_OBJC_IMPLICIT_RETAIN_SELF = YES;
				CLANG_WARN_OBJC_LITERAL_CONVERSION = YES;
				CLANG_WARN_OBJC_ROOT_CLASS = YES_ERROR;
				CLANG_WARN_QUOTED_INCLUDE_IN_FRAMEWORK_HEADER = YES;
				CLANG_WARN_RANGE_LOOP_ANALYSIS = YES;
				CLANG_WARN_STRICT_PROTOTYPES = YES;
				CLANG_WARN_SUSPICIOUS_MOVE = YES;
				CLANG_WARN_UNGUARDED_AVAILABILITY = YES_AGGRESSIVE;
				CLANG_WARN_UNREACHABLE_CODE = YES;
				CLANG_WARN__DUPLICATE_METHOD_MATCH = YES;
				COPY_PHASE_STRIP = NO;
				DEBUG_INFORMATION_FORMAT = dwarf;
				ENABLE_STRICT_OBJC_MSGSEND = YES;
				ENABLE_TESTABILITY = YES;
				GCC_C_LANGUAGE_STANDARD = gnu11;
				GCC_DYNAMIC_NO_PIC = NO;
				GCC_NO_COMMON_BLOCKS = YES;
				GCC_OPTIMIZATION_LEVEL = 0;
				GCC_PREPROCESSOR_DEFINITIONS = (
					"DEBUG=1",
					"$(inherited)",
				);
				GCC_WARN_64_TO_32_BIT_CONVERSION = YES;
				GCC_WARN_ABOUT_RETURN_TYPE = YES_ERROR;
				GCC_WARN_UNDECLARED_SELECTOR = YES;
				GCC_WARN_UNINITIALIZED_AUTOS = YES_AGGRESSIVE;
				GCC_WARN_UNUSED_FUNCTION = YES;
				GCC_WARN_UNUSED_VARIABLE = YES;
				IPHONEOS_DEPLOYMENT_TARGET = 16.4;
				MTL_ENABLE_DEBUG_INFO = INCLUDE_SOURCE;
				MTL_FAST_MATH = YES;
				ONLY_ACTIVE_ARCH = YES;
				SDKROOT = iphoneos;
				SWIFT_ACTIVE_COMPILATION_CONDITIONS = DEBUG;
				SWIFT_OPTIMIZATION_LEVEL = "-Onone";
			};
			name = Debug;
		};
		81F7B6752A5E410200CD326A /* Release */ = {
			isa = XCBuildConfiguration;
			buildSettings = {
				ALWAYS_SEARCH_USER_PATHS = NO;
				CLANG_ANALYZER_NONNULL = YES;
				CLANG_ANALYZER_NUMBER_OBJECT_CONVERSION = YES_AGGRESSIVE;
				CLANG_CXX_LANGUAGE_STANDARD = "gnu++20";
				CLANG_ENABLE_MODULES = YES;
				CLANG_ENABLE_OBJC_ARC = YES;
				CLANG_ENABLE_OBJC_WEAK = YES;
				CLANG_WARN_BLOCK_CAPTURE_AUTORELEASING = YES;
				CLANG_WARN_BOOL_CONVERSION = YES;
				CLANG_WARN_COMMA = YES;
				CLANG_WARN_CONSTANT_CONVERSION = YES;
				CLANG_WARN_DEPRECATED_OBJC_IMPLEMENTATIONS = YES;
				CLANG_WARN_DIRECT_OBJC_ISA_USAGE = YES_ERROR;
				CLANG_WARN_DOCUMENTATION_COMMENTS = YES;
				CLANG_WARN_EMPTY_BODY = YES;
				CLANG_WARN_ENUM_CONVERSION = YES;
				CLANG_WARN_INFINITE_RECURSION = YES;
				CLANG_WARN_INT_CONVERSION = YES;
				CLANG_WARN_NON_LITERAL_NULL_CONVERSION = YES;
				CLANG_WARN_OBJC_IMPLICIT_RETAIN_SELF = YES;
				CLANG_WARN_OBJC_LITERAL_CONVERSION = YES;
				CLANG_WARN_OBJC_ROOT_CLASS = YES_ERROR;
				CLANG_WARN_QUOTED_INCLUDE_IN_FRAMEWORK_HEADER = YES;
				CLANG_WARN_RANGE_LOOP_ANALYSIS = YES;
				CLANG_WARN_STRICT_PROTOTYPES = YES;
				CLANG_WARN_SUSPICIOUS_MOVE = YES;
				CLANG_WARN_UNGUARDED_AVAILABILITY = YES_AGGRESSIVE;
				CLANG_WARN_UNREACHABLE_CODE = YES;
				CLANG_WARN__DUPLICATE_METHOD_MATCH = YES;
				COPY_PHASE_STRIP = NO;
				DEBUG_INFORMATION_FORMAT = "dwarf-with-dsym";
				ENABLE_NS_ASSERTIONS = NO;
				ENABLE_STRICT_OBJC_MSGSEND = YES;
				GCC_C_LANGUAGE_STANDARD = gnu11;
				GCC_NO_COMMON_BLOCKS = YES;
				GCC_WARN_64_TO_32_BIT_CONVERSION = YES;
				GCC_WARN_ABOUT_RETURN_TYPE = YES_ERROR;
				GCC_WARN_UNDECLARED_SELECTOR = YES;
				GCC_WARN_UNINITIALIZED_AUTOS = YES_AGGRESSIVE;
				GCC_WARN_UNUSED_FUNCTION = YES;
				GCC_WARN_UNUSED_VARIABLE = YES;
				IPHONEOS_DEPLOYMENT_TARGET = 16.4;
				MTL_ENABLE_DEBUG_INFO = NO;
				MTL_FAST_MATH = YES;
				SDKROOT = iphoneos;
				SWIFT_COMPILATION_MODE = wholemodule;
				SWIFT_OPTIMIZATION_LEVEL = "-O";
				VALIDATE_PRODUCT = YES;
			};
			name = Release;
		};
		81F7B6772A5E410200CD326A /* Debug */ = {
			isa = XCBuildConfiguration;
			baseConfigurationReference = 3AD0491CFE74818F65458600 /* Pods-PokeApiTest.debug.xcconfig */;
			buildSettings = {
				ASSETCATALOG_COMPILER_APPICON_NAME = AppIcon;
				ASSETCATALOG_COMPILER_GLOBAL_ACCENT_COLOR_NAME = AccentColor;
				CODE_SIGN_STYLE = Automatic;
				CURRENT_PROJECT_VERSION = 1;
				DEVELOPMENT_TEAM = 28KY5MB9GN;
				GENERATE_INFOPLIST_FILE = YES;
				INFOPLIST_FILE = PokeApiTest/Info.plist;
				INFOPLIST_KEY_UIApplicationSupportsIndirectInputEvents = YES;
				INFOPLIST_KEY_UILaunchStoryboardName = LaunchScreen;
				INFOPLIST_KEY_UIMainStoryboardFile = Main;
				INFOPLIST_KEY_UISupportedInterfaceOrientations_iPad = "UIInterfaceOrientationPortrait UIInterfaceOrientationPortraitUpsideDown UIInterfaceOrientationLandscapeLeft UIInterfaceOrientationLandscapeRight";
				INFOPLIST_KEY_UISupportedInterfaceOrientations_iPhone = "UIInterfaceOrientationPortrait UIInterfaceOrientationLandscapeLeft UIInterfaceOrientationLandscapeRight";
				LD_RUNPATH_SEARCH_PATHS = (
					"$(inherited)",
					"@executable_path/Frameworks",
				);
				MARKETING_VERSION = 1.0;
				PRODUCT_BUNDLE_IDENTIFIER = com.valdopar.PokeApiTest;
				PRODUCT_NAME = "$(TARGET_NAME)";
				SWIFT_EMIT_LOC_STRINGS = YES;
				SWIFT_VERSION = 5.0;
				TARGETED_DEVICE_FAMILY = "1,2";
			};
			name = Debug;
		};
		81F7B6782A5E410200CD326A /* Release */ = {
			isa = XCBuildConfiguration;
			baseConfigurationReference = 6AF5F7D4E6DABE41E134C35B /* Pods-PokeApiTest.release.xcconfig */;
			buildSettings = {
				ASSETCATALOG_COMPILER_APPICON_NAME = AppIcon;
				ASSETCATALOG_COMPILER_GLOBAL_ACCENT_COLOR_NAME = AccentColor;
				CODE_SIGN_STYLE = Automatic;
				CURRENT_PROJECT_VERSION = 1;
				DEVELOPMENT_TEAM = 28KY5MB9GN;
				GENERATE_INFOPLIST_FILE = YES;
				INFOPLIST_FILE = PokeApiTest/Info.plist;
				INFOPLIST_KEY_UIApplicationSupportsIndirectInputEvents = YES;
				INFOPLIST_KEY_UILaunchStoryboardName = LaunchScreen;
				INFOPLIST_KEY_UIMainStoryboardFile = Main;
				INFOPLIST_KEY_UISupportedInterfaceOrientations_iPad = "UIInterfaceOrientationPortrait UIInterfaceOrientationPortraitUpsideDown UIInterfaceOrientationLandscapeLeft UIInterfaceOrientationLandscapeRight";
				INFOPLIST_KEY_UISupportedInterfaceOrientations_iPhone = "UIInterfaceOrientationPortrait UIInterfaceOrientationLandscapeLeft UIInterfaceOrientationLandscapeRight";
				LD_RUNPATH_SEARCH_PATHS = (
					"$(inherited)",
					"@executable_path/Frameworks",
				);
				MARKETING_VERSION = 1.0;
				PRODUCT_BUNDLE_IDENTIFIER = com.valdopar.PokeApiTest;
				PRODUCT_NAME = "$(TARGET_NAME)";
				SWIFT_EMIT_LOC_STRINGS = YES;
				SWIFT_VERSION = 5.0;
				TARGETED_DEVICE_FAMILY = "1,2";
			};
			name = Release;
		};
/* End XCBuildConfiguration section */

/* Begin XCConfigurationList section */
		81F7B65D2A5E410000CD326A /* Build configuration list for PBXProject "PokeApiTest" */ = {
			isa = XCConfigurationList;
			buildConfigurations = (
				81F7B6742A5E410200CD326A /* Debug */,
				81F7B6752A5E410200CD326A /* Release */,
			);
			defaultConfigurationIsVisible = 0;
			defaultConfigurationName = Release;
		};
		81F7B6762A5E410200CD326A /* Build configuration list for PBXNativeTarget "PokeApiTest" */ = {
			isa = XCConfigurationList;
			buildConfigurations = (
				81F7B6772A5E410200CD326A /* Debug */,
				81F7B6782A5E410200CD326A /* Release */,
			);
			defaultConfigurationIsVisible = 0;
			defaultConfigurationName = Release;
		};
/* End XCConfigurationList section */
	};
	rootObject = 81F7B65A2A5E410000CD326A /* Project object */;
}
